
Microsoft Visual Studio Solution File, Format Version 12.00
# Visual Studio 15
VisualStudioVersion = 15.0.28307.1684
MinimumVisualStudioVersion = 10.0.40219.1
Project("{FAE04EC0-301F-11D3-BF4B-00C04F79EFBC}") = "SensorScanner", "SensorScanner.csproj", "{34B72A00-1059-441E-85C6-38653029A81E}"
EndProject
Global
	GlobalSection(SolutionConfigurationPlatforms) = preSolution
		Debug|Any CPU = Debug|Any CPU
		Debug|x64 = Debug|x64
		Release|Any CPU = Release|Any CPU
		Release|x64 = Release|x64
	EndGlobalSection
	GlobalSection(ProjectConfigurationPlatforms) = postSolution
		{34B72A00-1059-441E-85C6-38653029A81E}.Debug|Any CPU.ActiveCfg = Debug|Any CPU
		{34B72A00-1059-441E-85C6-38653029A81E}.Debug|Any CPU.Build.0 = Debug|Any CPU
		{34B72A00-1059-441E-85C6-38653029A81E}.Debug|x64.ActiveCfg = Debug|x64
		{34B72A00-1059-441E-85C6-38653029A81E}.Debug|x64.Build.0 = Debug|x64
		{34B72A00-1059-441E-85C6-38653029A81E}.Release|Any CPU.ActiveCfg = Release|Any CPU
		{34B72A00-1059-441E-85C6-38653029A81E}.Release|Any CPU.Build.0 = Release|Any CPU
		{34B72A00-1059-441E-85C6-38653029A81E}.Release|x64.ActiveCfg = Release|x64
		{34B72A00-1059-441E-85C6-38653029A81E}.Release|x64.Build.0 = Release|x64
	EndGlobalSection
	GlobalSection(SolutionProperties) = preSolution
		HideSolutionNode = FALSE
	EndGlobalSection
	GlobalSection(ExtensibilityGlobals) = postSolution
		SolutionGuid = {0C8AB5C0-0FF5-41BF-82B4-D19688C0049A}
	EndGlobalSection
EndGlobal
